
Microsoft Visual Studio Solution File, Format Version 12.00
# Visual Studio Version 17
VisualStudioVersion = 17.7.34221.43
MinimumVisualStudioVersion = 10.0.40219.1
Project("{8BC9CEB8-8B4A-11D0-8D11-00A0C91BC942}") = "Project4", "Project4\Project4.vcxproj", "{B0CACAC2-AC3C-4C43-A562-C05AE6DFB597}"
EndProject
Global
	GlobalSection(SolutionConfigurationPlatforms) = preSolution
		Debug|x64 = Debug|x64
		Debug|x86 = Debug|x86
		Release|x64 = Release|x64
		Release|x86 = Release|x86
	EndGlobalSection
	GlobalSection(ProjectConfigurationPlatforms) = postSolution
		{B0CACAC2-AC3C-4C43-A562-C05AE6DFB597}.Debug|x64.ActiveCfg = Debug|x64
		{B0CACAC2-AC3C-4C43-A562-C05AE6DFB597}.Debug|x64.Build.0 = Debug|x64
		{B0CACAC2-AC3C-4C43-A562-C05AE6DFB597}.Debug|x86.ActiveCfg = Debug|Win32
		{B0CACAC2-AC3C-4C43-A562-C05AE6DFB597}.Debug|x86.Build.0 = Debug|Win32
		{B0CACAC2-AC3C-4C43-A562-C05AE6DFB597}.Release|x64.ActiveCfg = Release|x64
		{B0CACAC2-AC3C-4C43-A562-C05AE6DFB597}.Release|x64.Build.0 = Release|x64
		{B0CACAC2-AC3C-4C43-A562-C05AE6DFB597}.Release|x86.ActiveCfg = Release|Win32
		{B0CACAC2-AC3C-4C43-A562-C05AE6DFB597}.Release|x86.Build.0 = Release|Win32
	EndGlobalSection
	GlobalSection(SolutionProperties) = preSolution
		HideSolutionNode = FALSE
	EndGlobalSection
	GlobalSection(ExtensibilityGlobals) = postSolution
		SolutionGuid = {E70250D1-5963-4FE8-BCFC-73DC235A0332}
	EndGlobalSection
EndGlobal
