
Microsoft Visual Studio Solution File, Format Version 12.00
# Visual Studio Version 17
VisualStudioVersion = 17.7.34202.233
MinimumVisualStudioVersion = 10.0.40219.1
Project("{FAE04EC0-301F-11D3-BF4B-00C04F79EFBC}") = "ConsoleApp2", "ConsoleApp2\ConsoleApp2.csproj", "{279C5301-20CD-441A-B51C-8FACFA4DA545}"
EndProject
Global
	GlobalSection(SolutionConfigurationPlatforms) = preSolution
		Debug|Any CPU = Debug|Any CPU
		Release|Any CPU = Release|Any CPU
	EndGlobalSection
	GlobalSection(ProjectConfigurationPlatforms) = postSolution
		{279C5301-20CD-441A-B51C-8FACFA4DA545}.Debug|Any CPU.ActiveCfg = Debug|Any CPU
		{279C5301-20CD-441A-B51C-8FACFA4DA545}.Debug|Any CPU.Build.0 = Debug|Any CPU
		{279C5301-20CD-441A-B51C-8FACFA4DA545}.Release|Any CPU.ActiveCfg = Release|Any CPU
		{279C5301-20CD-441A-B51C-8FACFA4DA545}.Release|Any CPU.Build.0 = Release|Any CPU
	EndGlobalSection
	GlobalSection(SolutionProperties) = preSolution
		HideSolutionNode = FALSE
	EndGlobalSection
	GlobalSection(ExtensibilityGlobals) = postSolution
		SolutionGuid = {7DEDFEB5-CF39-4713-8929-28887AB325F0}
	EndGlobalSection
EndGlobal
