
Microsoft Visual Studio Solution File, Format Version 12.00
# Visual Studio Version 17
VisualStudioVersion = 17.7.34221.43
MinimumVisualStudioVersion = 10.0.40219.1
Project("{FAE04EC0-301F-11D3-BF4B-00C04F79EFBC}") = "ConsoleApp6", "ConsoleApp6\ConsoleApp6.csproj", "{B6C1E4E5-C9E4-4A58-BF41-8D9D94634B70}"
EndProject
Global
	GlobalSection(SolutionConfigurationPlatforms) = preSolution
		Debug|Any CPU = Debug|Any CPU
		Release|Any CPU = Release|Any CPU
	EndGlobalSection
	GlobalSection(ProjectConfigurationPlatforms) = postSolution
		{B6C1E4E5-C9E4-4A58-BF41-8D9D94634B70}.Debug|Any CPU.ActiveCfg = Debug|Any CPU
		{B6C1E4E5-C9E4-4A58-BF41-8D9D94634B70}.Debug|Any CPU.Build.0 = Debug|Any CPU
		{B6C1E4E5-C9E4-4A58-BF41-8D9D94634B70}.Release|Any CPU.ActiveCfg = Release|Any CPU
		{B6C1E4E5-C9E4-4A58-BF41-8D9D94634B70}.Release|Any CPU.Build.0 = Release|Any CPU
	EndGlobalSection
	GlobalSection(SolutionProperties) = preSolution
		HideSolutionNode = FALSE
	EndGlobalSection
	GlobalSection(ExtensibilityGlobals) = postSolution
		SolutionGuid = {7FBEF10E-D0DE-4AF6-809E-9829CED398FE}
	EndGlobalSection
EndGlobal
