
Microsoft Visual Studio Solution File, Format Version 12.00
# Visual Studio Version 17
VisualStudioVersion = 17.7.34221.43
MinimumVisualStudioVersion = 10.0.40219.1
Project("{FAE04EC0-301F-11D3-BF4B-00C04F79EFBC}") = "uygulama 11", "uygulama 11\uygulama 11.csproj", "{ABB5A7CB-D7B5-4A63-8AF9-4A681437CF35}"
EndProject
Global
	GlobalSection(SolutionConfigurationPlatforms) = preSolution
		Debug|Any CPU = Debug|Any CPU
		Release|Any CPU = Release|Any CPU
	EndGlobalSection
	GlobalSection(ProjectConfigurationPlatforms) = postSolution
		{ABB5A7CB-D7B5-4A63-8AF9-4A681437CF35}.Debug|Any CPU.ActiveCfg = Debug|Any CPU
		{ABB5A7CB-D7B5-4A63-8AF9-4A681437CF35}.Debug|Any CPU.Build.0 = Debug|Any CPU
		{ABB5A7CB-D7B5-4A63-8AF9-4A681437CF35}.Release|Any CPU.ActiveCfg = Release|Any CPU
		{ABB5A7CB-D7B5-4A63-8AF9-4A681437CF35}.Release|Any CPU.Build.0 = Release|Any CPU
	EndGlobalSection
	GlobalSection(SolutionProperties) = preSolution
		HideSolutionNode = FALSE
	EndGlobalSection
	GlobalSection(ExtensibilityGlobals) = postSolution
		SolutionGuid = {DD853E44-3A90-472B-BFEA-1F9B02D6EB57}
	EndGlobalSection
EndGlobal
